
Microsoft Visual Studio Solution File, Format Version 12.00
# Visual Studio Version 17
VisualStudioVersion = 17.5.33424.131
MinimumVisualStudioVersion = 10.0.40219.1
Project("{FAE04EC0-301F-11D3-BF4B-00C04F79EFBC}") = "Api project", "Api project\Api project.csproj", "{45B26DE3-A1F2-48F0-B2DE-9BC1BFDB56D9}"
EndProject
Global
	GlobalSection(SolutionConfigurationPlatforms) = preSolution
		Debug|Any CPU = Debug|Any CPU
		Release|Any CPU = Release|Any CPU
	EndGlobalSection
	GlobalSection(ProjectConfigurationPlatforms) = postSolution
		{45B26DE3-A1F2-48F0-B2DE-9BC1BFDB56D9}.Debug|Any CPU.ActiveCfg = Debug|Any CPU
		{45B26DE3-A1F2-48F0-B2DE-9BC1BFDB56D9}.Debug|Any CPU.Build.0 = Debug|Any CPU
		{45B26DE3-A1F2-48F0-B2DE-9BC1BFDB56D9}.Release|Any CPU.ActiveCfg = Release|Any CPU
		{45B26DE3-A1F2-48F0-B2DE-9BC1BFDB56D9}.Release|Any CPU.Build.0 = Release|Any CPU
	EndGlobalSection
	GlobalSection(SolutionProperties) = preSolution
		HideSolutionNode = FALSE
	EndGlobalSection
	GlobalSection(ExtensibilityGlobals) = postSolution
		SolutionGuid = {8EAC4F46-E45E-415A-9254-A470BEDD4E78}
	EndGlobalSection
EndGlobal
